
Microsoft Visual Studio Solution File, Format Version 12.00
# Visual Studio Version 17
VisualStudioVersion = 17.5.002.0
MinimumVisualStudioVersion = 10.0.40219.1
Project("{9A19103F-16F7-4668-BE54-9A1E7A4F7556}") = "GerenciamentoDeCursos", "GerenciamentoDeCursos.csproj", "{8A7D6158-52E7-4781-AB1E-1A96E5397C38}"
EndProject
Global
	GlobalSection(SolutionConfigurationPlatforms) = preSolution
		Debug|Any CPU = Debug|Any CPU
		Release|Any CPU = Release|Any CPU
	EndGlobalSection
	GlobalSection(ProjectConfigurationPlatforms) = postSolution
		{8A7D6158-52E7-4781-AB1E-1A96E5397C38}.Debug|Any CPU.ActiveCfg = Debug|Any CPU
		{8A7D6158-52E7-4781-AB1E-1A96E5397C38}.Debug|Any CPU.Build.0 = Debug|Any CPU
		{8A7D6158-52E7-4781-AB1E-1A96E5397C38}.Release|Any CPU.ActiveCfg = Release|Any CPU
		{8A7D6158-52E7-4781-AB1E-1A96E5397C38}.Release|Any CPU.Build.0 = Release|Any CPU
	EndGlobalSection
	GlobalSection(SolutionProperties) = preSolution
		HideSolutionNode = FALSE
	EndGlobalSection
	GlobalSection(ExtensibilityGlobals) = postSolution
		SolutionGuid = {E0032426-2A44-4EBF-8D8A-68322038463B}
	EndGlobalSection
EndGlobal
